// !$*UTF8*$!
{
	archiveVersion = 1;
	classes = {
	};
	objectVersion = 56;
	objects = {

/* Begin PBXBuildFile section */
		FD895CE92CB6D59C00FF7E7A /* AppDelegate.swift in Sources */ = {isa = PBXBuildFile; fileRef = FD895CE82CB6D59C00FF7E7A /* AppDelegate.swift */; };
		FD895CEB2CB6D59C00FF7E7A /* SceneDelegate.swift in Sources */ = {isa = PBXBuildFile; fileRef = FD895CEA2CB6D59C00FF7E7A /* SceneDelegate.swift */; };
		FD895CF22CB6D5A000FF7E7A /* Assets.xcassets in Resources */ = {isa = PBXBuildFile; fileRef = FD895CF12CB6D5A000FF7E7A /* Assets.xcassets */; };
		FD895CF52CB6D5A000FF7E7A /* Base in Resources */ = {isa = PBXBuildFile; fileRef = FD895CF42CB6D5A000FF7E7A /* Base */; };
		FD895D002CB6D5A000FF7E7A /* walmart_e4Tests.swift in Sources */ = {isa = PBXBuildFile; fileRef = FD895CFF2CB6D5A000FF7E7A /* walmart_e4Tests.swift */; };
		FD895D0A2CB6D5A000FF7E7A /* walmart_e4UITests.swift in Sources */ = {isa = PBXBuildFile; fileRef = FD895D092CB6D5A000FF7E7A /* walmart_e4UITests.swift */; };
		FD895D0C2CB6D5A000FF7E7A /* walmart_e4UITestsLaunchTests.swift in Sources */ = {isa = PBXBuildFile; fileRef = FD895D0B2CB6D5A000FF7E7A /* walmart_e4UITestsLaunchTests.swift */; };
		FD895D1B2CB6E23900FF7E7A /* MapProtocols.swift in Sources */ = {isa = PBXBuildFile; fileRef = FD895D1A2CB6E23900FF7E7A /* MapProtocols.swift */; };
		FD895D1D2CB6E2E500FF7E7A /* MapRouter.swift in Sources */ = {isa = PBXBuildFile; fileRef = FD895D1C2CB6E2E500FF7E7A /* MapRouter.swift */; };
		FD895D202CB6E36B00FF7E7A /* MapViewController.swift in Sources */ = {isa = PBXBuildFile; fileRef = FD895D1F2CB6E36B00FF7E7A /* MapViewController.swift */; };
		FD895D222CB6E3A200FF7E7A /* MapViewController.xib in Resources */ = {isa = PBXBuildFile; fileRef = FD895D212CB6E3A200FF7E7A /* MapViewController.xib */; };
		FD895D242CB6E3BF00FF7E7A /* MapInteractor.swift in Sources */ = {isa = PBXBuildFile; fileRef = FD895D232CB6E3BF00FF7E7A /* MapInteractor.swift */; };
		FD895D262CB6E3ED00FF7E7A /* MapPresenter.swift in Sources */ = {isa = PBXBuildFile; fileRef = FD895D252CB6E3ED00FF7E7A /* MapPresenter.swift */; };
/* End PBXBuildFile section */

/* Begin PBXContainerItemProxy section */
		FD895CFC2CB6D5A000FF7E7A /* PBXContainerItemProxy */ = {
			isa = PBXContainerItemProxy;
			containerPortal = FD895CDD2CB6D59B00FF7E7A /* Project object */;
			proxyType = 1;
			remoteGlobalIDString = FD895CE42CB6D59B00FF7E7A;
			remoteInfo = "walmart-e4";
		};
		FD895D062CB6D5A000FF7E7A /* PBXContainerItemProxy */ = {
			isa = PBXContainerItemProxy;
			containerPortal = FD895CDD2CB6D59B00FF7E7A /* Project object */;
			proxyType = 1;
			remoteGlobalIDString = FD895CE42CB6D59B00FF7E7A;
			remoteInfo = "walmart-e4";
		};
/* End PBXContainerItemProxy section */

/* Begin PBXFileReference section */
		FD895CE52CB6D59B00FF7E7A /* walmart-e4.app */ = {isa = PBXFileReference; explicitFileType = wrapper.application; includeInIndex = 0; path = "walmart-e4.app"; sourceTree = BUILT_PRODUCTS_DIR; };
		FD895CE82CB6D59C00FF7E7A /* AppDelegate.swift */ = {isa = PBXFileReference; lastKnownFileType = sourcecode.swift; path = AppDelegate.swift; sourceTree = "<group>"; };
		FD895CEA2CB6D59C00FF7E7A /* SceneDelegate.swift */ = {isa = PBXFileReference; lastKnownFileType = sourcecode.swift; path = SceneDelegate.swift; sourceTree = "<group>"; };
		FD895CF12CB6D5A000FF7E7A /* Assets.xcassets */ = {isa = PBXFileReference; lastKnownFileType = folder.assetcatalog; path = Assets.xcassets; sourceTree = "<group>"; };
		FD895CF42CB6D5A000FF7E7A /* Base */ = {isa = PBXFileReference; lastKnownFileType = file.storyboard; name = Base; path = Base.lproj/LaunchScreen.storyboard; sourceTree = "<group>"; };
		FD895CF62CB6D5A000FF7E7A /* Info.plist */ = {isa = PBXFileReference; lastKnownFileType = text.plist.xml; path = Info.plist; sourceTree = "<group>"; };
		FD895CFB2CB6D5A000FF7E7A /* walmart-e4Tests.xctest */ = {isa = PBXFileReference; explicitFileType = wrapper.cfbundle; includeInIndex = 0; path = "walmart-e4Tests.xctest"; sourceTree = BUILT_PRODUCTS_DIR; };
		FD895CFF2CB6D5A000FF7E7A /* walmart_e4Tests.swift */ = {isa = PBXFileReference; lastKnownFileType = sourcecode.swift; path = walmart_e4Tests.swift; sourceTree = "<group>"; };
		FD895D052CB6D5A000FF7E7A /* walmart-e4UITests.xctest */ = {isa = PBXFileReference; explicitFileType = wrapper.cfbundle; includeInIndex = 0; path = "walmart-e4UITests.xctest"; sourceTree = BUILT_PRODUCTS_DIR; };
		FD895D092CB6D5A000FF7E7A /* walmart_e4UITests.swift */ = {isa = PBXFileReference; lastKnownFileType = sourcecode.swift; path = walmart_e4UITests.swift; sourceTree = "<group>"; };
		FD895D0B2CB6D5A000FF7E7A /* walmart_e4UITestsLaunchTests.swift */ = {isa = PBXFileReference; lastKnownFileType = sourcecode.swift; path = walmart_e4UITestsLaunchTests.swift; sourceTree = "<group>"; };
		FD895D1A2CB6E23900FF7E7A /* MapProtocols.swift */ = {isa = PBXFileReference; lastKnownFileType = sourcecode.swift; path = MapProtocols.swift; sourceTree = SOURCE_ROOT; };
		FD895D1C2CB6E2E500FF7E7A /* MapRouter.swift */ = {isa = PBXFileReference; lastKnownFileType = sourcecode.swift; path = MapRouter.swift; sourceTree = "<group>"; };
		FD895D1F2CB6E36B00FF7E7A /* MapViewController.swift */ = {isa = PBXFileReference; lastKnownFileType = sourcecode.swift; path = MapViewController.swift; sourceTree = "<group>"; };
		FD895D212CB6E3A200FF7E7A /* MapViewController.xib */ = {isa = PBXFileReference; lastKnownFileType = file.xib; path = MapViewController.xib; sourceTree = "<group>"; };
		FD895D232CB6E3BF00FF7E7A /* MapInteractor.swift */ = {isa = PBXFileReference; lastKnownFileType = sourcecode.swift; path = MapInteractor.swift; sourceTree = "<group>"; };
		FD895D252CB6E3ED00FF7E7A /* MapPresenter.swift */ = {isa = PBXFileReference; lastKnownFileType = sourcecode.swift; path = MapPresenter.swift; sourceTree = "<group>"; };
/* End PBXFileReference section */

/* Begin PBXFrameworksBuildPhase section */
		FD895CE22CB6D59B00FF7E7A /* Frameworks */ = {
			isa = PBXFrameworksBuildPhase;
			buildActionMask = 2147483647;
			files = (
			);
			runOnlyForDeploymentPostprocessing = 0;
		};
		FD895CF82CB6D5A000FF7E7A /* Frameworks */ = {
			isa = PBXFrameworksBuildPhase;
			buildActionMask = 2147483647;
			files = (
			);
			runOnlyForDeploymentPostprocessing = 0;
		};
		FD895D022CB6D5A000FF7E7A /* Frameworks */ = {
			isa = PBXFrameworksBuildPhase;
			buildActionMask = 2147483647;
			files = (
			);
			runOnlyForDeploymentPostprocessing = 0;
		};
/* End PBXFrameworksBuildPhase section */

/* Begin PBXGroup section */
		FD895CDC2CB6D59B00FF7E7A = {
			isa = PBXGroup;
			children = (
				FD895CE72CB6D59C00FF7E7A /* walmart-e4 */,
				FD895CFE2CB6D5A000FF7E7A /* walmart-e4Tests */,
				FD895D082CB6D5A000FF7E7A /* walmart-e4UITests */,
				FD895CE62CB6D59B00FF7E7A /* Products */,
			);
			sourceTree = "<group>";
		};
		FD895CE62CB6D59B00FF7E7A /* Products */ = {
			isa = PBXGroup;
			children = (
				FD895CE52CB6D59B00FF7E7A /* walmart-e4.app */,
				FD895CFB2CB6D5A000FF7E7A /* walmart-e4Tests.xctest */,
				FD895D052CB6D5A000FF7E7A /* walmart-e4UITests.xctest */,
			);
			name = Products;
			sourceTree = "<group>";
		};
		FD895CE72CB6D59C00FF7E7A /* walmart-e4 */ = {
			isa = PBXGroup;
			children = (
				FD895D182CB6E1FE00FF7E7A /* modules */,
				FD895CE82CB6D59C00FF7E7A /* AppDelegate.swift */,
				FD895CEA2CB6D59C00FF7E7A /* SceneDelegate.swift */,
				FD895CF12CB6D5A000FF7E7A /* Assets.xcassets */,
				FD895CF32CB6D5A000FF7E7A /* LaunchScreen.storyboard */,
				FD895CF62CB6D5A000FF7E7A /* Info.plist */,
			);
			path = "walmart-e4";
			sourceTree = "<group>";
		};
		FD895CFE2CB6D5A000FF7E7A /* walmart-e4Tests */ = {
			isa = PBXGroup;
			children = (
				FD895CFF2CB6D5A000FF7E7A /* walmart_e4Tests.swift */,
			);
			path = "walmart-e4Tests";
			sourceTree = "<group>";
		};
		FD895D082CB6D5A000FF7E7A /* walmart-e4UITests */ = {
			isa = PBXGroup;
			children = (
				FD895D092CB6D5A000FF7E7A /* walmart_e4UITests.swift */,
				FD895D0B2CB6D5A000FF7E7A /* walmart_e4UITestsLaunchTests.swift */,
			);
			path = "walmart-e4UITests";
			sourceTree = "<group>";
		};
		FD895D182CB6E1FE00FF7E7A /* modules */ = {
			isa = PBXGroup;
			children = (
				FD895D192CB6E20D00FF7E7A /* map */,
			);
			path = modules;
			sourceTree = "<group>";
		};
		FD895D192CB6E20D00FF7E7A /* map */ = {
			isa = PBXGroup;
			children = (
				FD895D1E2CB6E35800FF7E7A /* view */,
				FD895D1A2CB6E23900FF7E7A /* MapProtocols.swift */,
				FD895D1C2CB6E2E500FF7E7A /* MapRouter.swift */,
				FD895D232CB6E3BF00FF7E7A /* MapInteractor.swift */,
				FD895D252CB6E3ED00FF7E7A /* MapPresenter.swift */,
			);
			path = map;
			sourceTree = "<group>";
		};
		FD895D1E2CB6E35800FF7E7A /* view */ = {
			isa = PBXGroup;
			children = (
				FD895D1F2CB6E36B00FF7E7A /* MapViewController.swift */,
				FD895D212CB6E3A200FF7E7A /* MapViewController.xib */,
			);
			path = view;
			sourceTree = "<group>";
		};
/* End PBXGroup section */

/* Begin PBXNativeTarget section */
		FD895CE42CB6D59B00FF7E7A /* walmart-e4 */ = {
			isa = PBXNativeTarget;
			buildConfigurationList = FD895D0F2CB6D5A000FF7E7A /* Build configuration list for PBXNativeTarget "walmart-e4" */;
			buildPhases = (
				FD895CE12CB6D59B00FF7E7A /* Sources */,
				FD895CE22CB6D59B00FF7E7A /* Frameworks */,
				FD895CE32CB6D59B00FF7E7A /* Resources */,
			);
			buildRules = (
			);
			dependencies = (
			);
			name = "walmart-e4";
			productName = "walmart-e4";
			productReference = FD895CE52CB6D59B00FF7E7A /* walmart-e4.app */;
			productType = "com.apple.product-type.application";
		};
		FD895CFA2CB6D5A000FF7E7A /* walmart-e4Tests */ = {
			isa = PBXNativeTarget;
			buildConfigurationList = FD895D122CB6D5A000FF7E7A /* Build configuration list for PBXNativeTarget "walmart-e4Tests" */;
			buildPhases = (
				FD895CF72CB6D5A000FF7E7A /* Sources */,
				FD895CF82CB6D5A000FF7E7A /* Frameworks */,
				FD895CF92CB6D5A000FF7E7A /* Resources */,
			);
			buildRules = (
			);
			dependencies = (
				FD895CFD2CB6D5A000FF7E7A /* PBXTargetDependency */,
			);
			name = "walmart-e4Tests";
			productName = "walmart-e4Tests";
			productReference = FD895CFB2CB6D5A000FF7E7A /* walmart-e4Tests.xctest */;
			productType = "com.apple.product-type.bundle.unit-test";
		};
		FD895D042CB6D5A000FF7E7A /* walmart-e4UITests */ = {
			isa = PBXNativeTarget;
			buildConfigurationList = FD895D152CB6D5A000FF7E7A /* Build configuration list for PBXNativeTarget "walmart-e4UITests" */;
			buildPhases = (
				FD895D012CB6D5A000FF7E7A /* Sources */,
				FD895D022CB6D5A000FF7E7A /* Frameworks */,
				FD895D032CB6D5A000FF7E7A /* Resources */,
			);
			buildRules = (
			);
			dependencies = (
				FD895D072CB6D5A000FF7E7A /* PBXTargetDependency */,
			);
			name = "walmart-e4UITests";
			productName = "walmart-e4UITests";
			productReference = FD895D052CB6D5A000FF7E7A /* walmart-e4UITests.xctest */;
			productType = "com.apple.product-type.bundle.ui-testing";
		};
/* End PBXNativeTarget section */

/* Begin PBXProject section */
		FD895CDD2CB6D59B00FF7E7A /* Project object */ = {
			isa = PBXProject;
			attributes = {
				BuildIndependentTargetsInParallel = 1;
				LastSwiftUpdateCheck = 1540;
				LastUpgradeCheck = 1540;
				TargetAttributes = {
					FD895CE42CB6D59B00FF7E7A = {
						CreatedOnToolsVersion = 15.4;
					};
					FD895CFA2CB6D5A000FF7E7A = {
						CreatedOnToolsVersion = 15.4;
						TestTargetID = FD895CE42CB6D59B00FF7E7A;
					};
					FD895D042CB6D5A000FF7E7A = {
						CreatedOnToolsVersion = 15.4;
						TestTargetID = FD895CE42CB6D59B00FF7E7A;
					};
				};
			};
			buildConfigurationList = FD895CE02CB6D59B00FF7E7A /* Build configuration list for PBXProject "walmart-e4" */;
			compatibilityVersion = "Xcode 14.0";
			developmentRegion = en;
			hasScannedForEncodings = 0;
			knownRegions = (
				en,
				Base,
			);
			mainGroup = FD895CDC2CB6D59B00FF7E7A;
			productRefGroup = FD895CE62CB6D59B00FF7E7A /* Products */;
			projectDirPath = "";
			projectRoot = "";
			targets = (
				FD895CE42CB6D59B00FF7E7A /* walmart-e4 */,
				FD895CFA2CB6D5A000FF7E7A /* walmart-e4Tests */,
				FD895D042CB6D5A000FF7E7A /* walmart-e4UITests */,
			);
		};
/* End PBXProject section */

/* Begin PBXResourcesBuildPhase section */
		FD895CE32CB6D59B00FF7E7A /* Resources */ = {
			isa = PBXResourcesBuildPhase;
			buildActionMask = 2147483647;
			files = (
				FD895CF22CB6D5A000FF7E7A /* Assets.xcassets in Resources */,
				FD895D222CB6E3A200FF7E7A /* MapViewController.xib in Resources */,
				FD895CF52CB6D5A000FF7E7A /* Base in Resources */,
			);
			runOnlyForDeploymentPostprocessing = 0;
		};
		FD895CF92CB6D5A000FF7E7A /* Resources */ = {
			isa = PBXResourcesBuildPhase;
			buildActionMask = 2147483647;
			files = (
			);
			runOnlyForDeploymentPostprocessing = 0;
		};
		FD895D032CB6D5A000FF7E7A /* Resources */ = {
			isa = PBXResourcesBuildPhase;
			buildActionMask = 2147483647;
			files = (
			);
			runOnlyForDeploymentPostprocessing = 0;
		};
/* End PBXResourcesBuildPhase section */

/* Begin PBXSourcesBuildPhase section */
		FD895CE12CB6D59B00FF7E7A /* Sources */ = {
			isa = PBXSourcesBuildPhase;
			buildActionMask = 2147483647;
			files = (
				FD895D1B2CB6E23900FF7E7A /* MapProtocols.swift in Sources */,
				FD895D202CB6E36B00FF7E7A /* MapViewController.swift in Sources */,
				FD895D262CB6E3ED00FF7E7A /* MapPresenter.swift in Sources */,
				FD895D1D2CB6E2E500FF7E7A /* MapRouter.swift in Sources */,
				FD895CE92CB6D59C00FF7E7A /* AppDelegate.swift in Sources */,
				FD895D242CB6E3BF00FF7E7A /* MapInteractor.swift in Sources */,
				FD895CEB2CB6D59C00FF7E7A /* SceneDelegate.swift in Sources */,
			);
			runOnlyForDeploymentPostprocessing = 0;
		};
		FD895CF72CB6D5A000FF7E7A /* Sources */ = {
			isa = PBXSourcesBuildPhase;
			buildActionMask = 2147483647;
			files = (
				FD895D002CB6D5A000FF7E7A /* walmart_e4Tests.swift in Sources */,
			);
			runOnlyForDeploymentPostprocessing = 0;
		};
		FD895D012CB6D5A000FF7E7A /* Sources */ = {
			isa = PBXSourcesBuildPhase;
			buildActionMask = 2147483647;
			files = (
				FD895D0C2CB6D5A000FF7E7A /* walmart_e4UITestsLaunchTests.swift in Sources */,
				FD895D0A2CB6D5A000FF7E7A /* walmart_e4UITests.swift in Sources */,
			);
			runOnlyForDeploymentPostprocessing = 0;
		};
/* End PBXSourcesBuildPhase section */

/* Begin PBXTargetDependency section */
		FD895CFD2CB6D5A000FF7E7A /* PBXTargetDependency */ = {
			isa = PBXTargetDependency;
			target = FD895CE42CB6D59B00FF7E7A /* walmart-e4 */;
			targetProxy = FD895CFC2CB6D5A000FF7E7A /* PBXContainerItemProxy */;
		};
		FD895D072CB6D5A000FF7E7A /* PBXTargetDependency */ = {
			isa = PBXTargetDependency;
			target = FD895CE42CB6D59B00FF7E7A /* walmart-e4 */;
			targetProxy = FD895D062CB6D5A000FF7E7A /* PBXContainerItemProxy */;
		};
/* End PBXTargetDependency section */

/* Begin PBXVariantGroup section */
		FD895CF32CB6D5A000FF7E7A /* LaunchScreen.storyboard */ = {
			isa = PBXVariantGroup;
			children = (
				FD895CF42CB6D5A000FF7E7A /* Base */,
			);
			name = LaunchScreen.storyboard;
			sourceTree = "<group>";
		};
/* End PBXVariantGroup section */

/* Begin XCBuildConfiguration section */
		FD895D0D2CB6D5A000FF7E7A /* Debug */ = {
			isa = XCBuildConfiguration;
			buildSettings = {
				ALWAYS_SEARCH_USER_PATHS = NO;
				ASSETCATALOG_COMPILER_GENERATE_SWIFT_ASSET_SYMBOL_EXTENSIONS = YES;
				CLANG_ANALYZER_NONNULL = YES;
				CLANG_ANALYZER_NUMBER_OBJECT_CONVERSION = YES_AGGRESSIVE;
				CLANG_CXX_LANGUAGE_STANDARD = "gnu++20";
				CLANG_ENABLE_MODULES = YES;
				CLANG_ENABLE_OBJC_ARC = YES;
				CLANG_ENABLE_OBJC_WEAK = YES;
				CLANG_WARN_BLOCK_CAPTURE_AUTORELEASING = YES;
				CLANG_WARN_BOOL_CONVERSION = YES;
				CLANG_WARN_COMMA = YES;
				CLANG_WARN_CONSTANT_CONVERSION = YES;
				CLANG_WARN_DEPRECATED_OBJC_IMPLEMENTATIONS = YES;
				CLANG_WARN_DIRECT_OBJC_ISA_USAGE = YES_ERROR;
				CLANG_WARN_DOCUMENTATION_COMMENTS = YES;
				CLANG_WARN_EMPTY_BODY = YES;
				CLANG_WARN_ENUM_CONVERSION = YES;
				CLANG_WARN_INFINITE_RECURSION = YES;
				CLANG_WARN_INT_CONVERSION = YES;
				CLANG_WARN_NON_LITERAL_NULL_CONVERSION = YES;
				CLANG_WARN_OBJC_IMPLICIT_RETAIN_SELF = YES;
				CLANG_WARN_OBJC_LITERAL_CONVERSION = YES;
				CLANG_WARN_OBJC_ROOT_CLASS = YES_ERROR;
				CLANG_WARN_QUOTED_INCLUDE_IN_FRAMEWORK_HEADER = YES;
				CLANG_WARN_RANGE_LOOP_ANALYSIS = YES;
				CLANG_WARN_STRICT_PROTOTYPES = YES;
				CLANG_WARN_SUSPICIOUS_MOVE = YES;
				CLANG_WARN_UNGUARDED_AVAILABILITY = YES_AGGRESSIVE;
				CLANG_WARN_UNREACHABLE_CODE = YES;
				CLANG_WARN__DUPLICATE_METHOD_MATCH = YES;
				COPY_PHASE_STRIP = NO;
				DEBUG_INFORMATION_FORMAT = dwarf;
				ENABLE_STRICT_OBJC_MSGSEND = YES;
				ENABLE_TESTABILITY = YES;
				ENABLE_USER_SCRIPT_SANDBOXING = YES;
				GCC_C_LANGUAGE_STANDARD = gnu17;
				GCC_DYNAMIC_NO_PIC = NO;
				GCC_NO_COMMON_BLOCKS = YES;
				GCC_OPTIMIZATION_LEVEL = 0;
				GCC_PREPROCESSOR_DEFINITIONS = (
					"DEBUG=1",
					"$(inherited)",
				);
				GCC_WARN_64_TO_32_BIT_CONVERSION = YES;
				GCC_WARN_ABOUT_RETURN_TYPE = YES_ERROR;
				GCC_WARN_UNDECLARED_SELECTOR = YES;
				GCC_WARN_UNINITIALIZED_AUTOS = YES_AGGRESSIVE;
				GCC_WARN_UNUSED_FUNCTION = YES;
				GCC_WARN_UNUSED_VARIABLE = YES;
				IPHONEOS_DEPLOYMENT_TARGET = 17.5;
				LOCALIZATION_PREFERS_STRING_CATALOGS = YES;
				MTL_ENABLE_DEBUG_INFO = INCLUDE_SOURCE;
				MTL_FAST_MATH = YES;
				ONLY_ACTIVE_ARCH = YES;
				SDKROOT = iphoneos;
				SWIFT_ACTIVE_COMPILATION_CONDITIONS = "DEBUG $(inherited)";
				SWIFT_OPTIMIZATION_LEVEL = "-Onone";
			};
			name = Debug;
		};
		FD895D0E2CB6D5A000FF7E7A /* Release */ = {
			isa = XCBuildConfiguration;
			buildSettings = {
				ALWAYS_SEARCH_USER_PATHS = NO;
				ASSETCATALOG_COMPILER_GENERATE_SWIFT_ASSET_SYMBOL_EXTENSIONS = YES;
				CLANG_ANALYZER_NONNULL = YES;
				CLANG_ANALYZER_NUMBER_OBJECT_CONVERSION = YES_AGGRESSIVE;
				CLANG_CXX_LANGUAGE_STANDARD = "gnu++20";
				CLANG_ENABLE_MODULES = YES;
				CLANG_ENABLE_OBJC_ARC = YES;
				CLANG_ENABLE_OBJC_WEAK = YES;
				CLANG_WARN_BLOCK_CAPTURE_AUTORELEASING = YES;
				CLANG_WARN_BOOL_CONVERSION = YES;
				CLANG_WARN_COMMA = YES;
				CLANG_WARN_CONSTANT_CONVERSION = YES;
				CLANG_WARN_DEPRECATED_OBJC_IMPLEMENTATIONS = YES;
				CLANG_WARN_DIRECT_OBJC_ISA_USAGE = YES_ERROR;
				CLANG_WARN_DOCUMENTATION_COMMENTS = YES;
				CLANG_WARN_EMPTY_BODY = YES;
				CLANG_WARN_ENUM_CONVERSION = YES;
				CLANG_WARN_INFINITE_RECURSION = YES;
				CLANG_WARN_INT_CONVERSION = YES;
				CLANG_WARN_NON_LITERAL_NULL_CONVERSION = YES;
				CLANG_WARN_OBJC_IMPLICIT_RETAIN_SELF = YES;
				CLANG_WARN_OBJC_LITERAL_CONVERSION = YES;
				CLANG_WARN_OBJC_ROOT_CLASS = YES_ERROR;
				CLANG_WARN_QUOTED_INCLUDE_IN_FRAMEWORK_HEADER = YES;
				CLANG_WARN_RANGE_LOOP_ANALYSIS = YES;
				CLANG_WARN_STRICT_PROTOTYPES = YES;
				CLANG_WARN_SUSPICIOUS_MOVE = YES;
				CLANG_WARN_UNGUARDED_AVAILABILITY = YES_AGGRESSIVE;
				CLANG_WARN_UNREACHABLE_CODE = YES;
				CLANG_WARN__DUPLICATE_METHOD_MATCH = YES;
				COPY_PHASE_STRIP = NO;
				DEBUG_INFORMATION_FORMAT = "dwarf-with-dsym";
				ENABLE_NS_ASSERTIONS = NO;
				ENABLE_STRICT_OBJC_MSGSEND = YES;
				ENABLE_USER_SCRIPT_SANDBOXING = YES;
				GCC_C_LANGUAGE_STANDARD = gnu17;
				GCC_NO_COMMON_BLOCKS = YES;
				GCC_WARN_64_TO_32_BIT_CONVERSION = YES;
				GCC_WARN_ABOUT_RETURN_TYPE = YES_ERROR;
				GCC_WARN_UNDECLARED_SELECTOR = YES;
				GCC_WARN_UNINITIALIZED_AUTOS = YES_AGGRESSIVE;
				GCC_WARN_UNUSED_FUNCTION = YES;
				GCC_WARN_UNUSED_VARIABLE = YES;
				IPHONEOS_DEPLOYMENT_TARGET = 17.5;
				LOCALIZATION_PREFERS_STRING_CATALOGS = YES;
				MTL_ENABLE_DEBUG_INFO = NO;
				MTL_FAST_MATH = YES;
				SDKROOT = iphoneos;
				SWIFT_COMPILATION_MODE = wholemodule;
				VALIDATE_PRODUCT = YES;
			};
			name = Release;
		};
		FD895D102CB6D5A000FF7E7A /* Debug */ = {
			isa = XCBuildConfiguration;
			buildSettings = {
				ASSETCATALOG_COMPILER_APPICON_NAME = AppIcon;
				ASSETCATALOG_COMPILER_GLOBAL_ACCENT_COLOR_NAME = AccentColor;
				CODE_SIGN_STYLE = Automatic;
				CURRENT_PROJECT_VERSION = 1;
				GENERATE_INFOPLIST_FILE = YES;
				INFOPLIST_FILE = "walmart-e4/Info.plist";
				INFOPLIST_KEY_UIApplicationSupportsIndirectInputEvents = YES;
				INFOPLIST_KEY_UILaunchStoryboardName = LaunchScreen;
				INFOPLIST_KEY_UISupportedInterfaceOrientations_iPad = "UIInterfaceOrientationPortrait UIInterfaceOrientationPortraitUpsideDown UIInterfaceOrientationLandscapeLeft UIInterfaceOrientationLandscapeRight";
				INFOPLIST_KEY_UISupportedInterfaceOrientations_iPhone = "UIInterfaceOrientationPortrait UIInterfaceOrientationLandscapeLeft UIInterfaceOrientationLandscapeRight";
				LD_RUNPATH_SEARCH_PATHS = (
					"$(inherited)",
					"@executable_path/Frameworks",
				);
				MARKETING_VERSION = 1.0;
				PRODUCT_BUNDLE_IDENTIFIER = "com.irondev.walmart-e4";
				PRODUCT_NAME = "$(TARGET_NAME)";
				SUPPORTED_PLATFORMS = "iphoneos iphonesimulator";
				SUPPORTS_MACCATALYST = NO;
				SUPPORTS_MAC_DESIGNED_FOR_IPHONE_IPAD = NO;
				SUPPORTS_XR_DESIGNED_FOR_IPHONE_IPAD = NO;
				SWIFT_EMIT_LOC_STRINGS = YES;
				SWIFT_VERSION = 5.0;
				TARGETED_DEVICE_FAMILY = 1;
			};
			name = Debug;
		};
		FD895D112CB6D5A000FF7E7A /* Release */ = {
			isa = XCBuildConfiguration;
			buildSettings = {
				ASSETCATALOG_COMPILER_APPICON_NAME = AppIcon;
				ASSETCATALOG_COMPILER_GLOBAL_ACCENT_COLOR_NAME = AccentColor;
				CODE_SIGN_STYLE = Automatic;
				CURRENT_PROJECT_VERSION = 1;
				GENERATE_INFOPLIST_FILE = YES;
				INFOPLIST_FILE = "walmart-e4/Info.plist";
				INFOPLIST_KEY_UIApplicationSupportsIndirectInputEvents = YES;
				INFOPLIST_KEY_UILaunchStoryboardName = LaunchScreen;
				INFOPLIST_KEY_UISupportedInterfaceOrientations_iPad = "UIInterfaceOrientationPortrait UIInterfaceOrientationPortraitUpsideDown UIInterfaceOrientationLandscapeLeft UIInterfaceOrientationLandscapeRight";
				INFOPLIST_KEY_UISupportedInterfaceOrientations_iPhone = "UIInterfaceOrientationPortrait UIInterfaceOrientationLandscapeLeft UIInterfaceOrientationLandscapeRight";
				LD_RUNPATH_SEARCH_PATHS = (
					"$(inherited)",
					"@executable_path/Frameworks",
				);
				MARKETING_VERSION = 1.0;
				PRODUCT_BUNDLE_IDENTIFIER = "com.irondev.walmart-e4";
				PRODUCT_NAME = "$(TARGET_NAME)";
				SUPPORTED_PLATFORMS = "iphoneos iphonesimulator";
				SUPPORTS_MACCATALYST = NO;
				SUPPORTS_MAC_DESIGNED_FOR_IPHONE_IPAD = NO;
				SUPPORTS_XR_DESIGNED_FOR_IPHONE_IPAD = NO;
				SWIFT_EMIT_LOC_STRINGS = YES;
				SWIFT_VERSION = 5.0;
				TARGETED_DEVICE_FAMILY = 1;
			};
			name = Release;
		};
		FD895D132CB6D5A000FF7E7A /* Debug */ = {
			isa = XCBuildConfiguration;
			buildSettings = {
				ALWAYS_EMBED_SWIFT_STANDARD_LIBRARIES = YES;
				BUNDLE_LOADER = "$(TEST_HOST)";
				CODE_SIGN_STYLE = Automatic;
				CURRENT_PROJECT_VERSION = 1;
				GENERATE_INFOPLIST_FILE = YES;
				IPHONEOS_DEPLOYMENT_TARGET = 17.5;
				MARKETING_VERSION = 1.0;
				PRODUCT_BUNDLE_IDENTIFIER = "com.irondev.walmart-e4Tests";
				PRODUCT_NAME = "$(TARGET_NAME)";
				SWIFT_EMIT_LOC_STRINGS = NO;
				SWIFT_VERSION = 5.0;
				TARGETED_DEVICE_FAMILY = "1,2";
				TEST_HOST = "$(BUILT_PRODUCTS_DIR)/walmart-e4.app/$(BUNDLE_EXECUTABLE_FOLDER_PATH)/walmart-e4";
			};
			name = Debug;
		};
		FD895D142CB6D5A000FF7E7A /* Release */ = {
			isa = XCBuildConfiguration;
			buildSettings = {
				ALWAYS_EMBED_SWIFT_STANDARD_LIBRARIES = YES;
				BUNDLE_LOADER = "$(TEST_HOST)";
				CODE_SIGN_STYLE = Automatic;
				CURRENT_PROJECT_VERSION = 1;
				GENERATE_INFOPLIST_FILE = YES;
				IPHONEOS_DEPLOYMENT_TARGET = 17.5;
				MARKETING_VERSION = 1.0;
				PRODUCT_BUNDLE_IDENTIFIER = "com.irondev.walmart-e4Tests";
				PRODUCT_NAME = "$(TARGET_NAME)";
				SWIFT_EMIT_LOC_STRINGS = NO;
				SWIFT_VERSION = 5.0;
				TARGETED_DEVICE_FAMILY = "1,2";
				TEST_HOST = "$(BUILT_PRODUCTS_DIR)/walmart-e4.app/$(BUNDLE_EXECUTABLE_FOLDER_PATH)/walmart-e4";
			};
			name = Release;
		};
		FD895D162CB6D5A000FF7E7A /* Debug */ = {
			isa = XCBuildConfiguration;
			buildSettings = {
				ALWAYS_EMBED_SWIFT_STANDARD_LIBRARIES = YES;
				CODE_SIGN_STYLE = Automatic;
				CURRENT_PROJECT_VERSION = 1;
				GENERATE_INFOPLIST_FILE = YES;
				MARKETING_VERSION = 1.0;
				PRODUCT_BUNDLE_IDENTIFIER = "com.irondev.walmart-e4UITests";
				PRODUCT_NAME = "$(TARGET_NAME)";
				SWIFT_EMIT_LOC_STRINGS = NO;
				SWIFT_VERSION = 5.0;
				TARGETED_DEVICE_FAMILY = "1,2";
				TEST_TARGET_NAME = "walmart-e4";
			};
			name = Debug;
		};
		FD895D172CB6D5A000FF7E7A /* Release */ = {
			isa = XCBuildConfiguration;
			buildSettings = {
				ALWAYS_EMBED_SWIFT_STANDARD_LIBRARIES = YES;
				CODE_SIGN_STYLE = Automatic;
				CURRENT_PROJECT_VERSION = 1;
				GENERATE_INFOPLIST_FILE = YES;
				MARKETING_VERSION = 1.0;
				PRODUCT_BUNDLE_IDENTIFIER = "com.irondev.walmart-e4UITests";
				PRODUCT_NAME = "$(TARGET_NAME)";
				SWIFT_EMIT_LOC_STRINGS = NO;
				SWIFT_VERSION = 5.0;
				TARGETED_DEVICE_FAMILY = "1,2";
				TEST_TARGET_NAME = "walmart-e4";
			};
			name = Release;
		};
/* End XCBuildConfiguration section */

/* Begin XCConfigurationList section */
		FD895CE02CB6D59B00FF7E7A /* Build configuration list for PBXProject "walmart-e4" */ = {
			isa = XCConfigurationList;
			buildConfigurations = (
				FD895D0D2CB6D5A000FF7E7A /* Debug */,
				FD895D0E2CB6D5A000FF7E7A /* Release */,
			);
			defaultConfigurationIsVisible = 0;
			defaultConfigurationName = Release;
		};
		FD895D0F2CB6D5A000FF7E7A /* Build configuration list for PBXNativeTarget "walmart-e4" */ = {
			isa = XCConfigurationList;
			buildConfigurations = (
				FD895D102CB6D5A000FF7E7A /* Debug */,
				FD895D112CB6D5A000FF7E7A /* Release */,
			);
			defaultConfigurationIsVisible = 0;
			defaultConfigurationName = Release;
		};
		FD895D122CB6D5A000FF7E7A /* Build configuration list for PBXNativeTarget "walmart-e4Tests" */ = {
			isa = XCConfigurationList;
			buildConfigurations = (
				FD895D132CB6D5A000FF7E7A /* Debug */,
				FD895D142CB6D5A000FF7E7A /* Release */,
			);
			defaultConfigurationIsVisible = 0;
			defaultConfigurationName = Release;
		};
		FD895D152CB6D5A000FF7E7A /* Build configuration list for PBXNativeTarget "walmart-e4UITests" */ = {
			isa = XCConfigurationList;
			buildConfigurations = (
				FD895D162CB6D5A000FF7E7A /* Debug */,
				FD895D172CB6D5A000FF7E7A /* Release */,
			);
			defaultConfigurationIsVisible = 0;
			defaultConfigurationName = Release;
		};
/* End XCConfigurationList section */
	};
	rootObject = FD895CDD2CB6D59B00FF7E7A /* Project object */;
}
